// !$*UTF8*$!
{
	archiveVersion = 1;
	classes = {
	};
	objectVersion = 77;
	objects = {

/* Begin PBXBuildFile section */
		94D5B4D02D21F685001C0272 /* NIO in Frameworks */ = {isa = PBXBuildFile; productRef = 94D5B4CF2D21F685001C0272 /* NIO */; };
		94D5B4D22D21F685001C0272 /* NIOConcurrencyHelpers in Frameworks */ = {isa = PBXBuildFile; productRef = 94D5B4D12D21F685001C0272 /* NIOConcurrencyHelpers */; };
		94D5B4D42D21F685001C0272 /* NIOCore in Frameworks */ = {isa = PBXBuildFile; productRef = 94D5B4D32D21F685001C0272 /* NIOCore */; };
		94D5B4D62D21F685001C0272 /* NIOEmbedded in Frameworks */ = {isa = PBXBuildFile; productRef = 94D5B4D52D21F685001C0272 /* NIOEmbedded */; };
		94D5B4D82D21F685001C0272 /* NIOFoundationCompat in Frameworks */ = {isa = PBXBuildFile; productRef = 94D5B4D72D21F685001C0272 /* NIOFoundationCompat */; };
		94D5B4DA2D21F685001C0272 /* NIOHTTP1 in Frameworks */ = {isa = PBXBuildFile; productRef = 94D5B4D92D21F685001C0272 /* NIOHTTP1 */; };
		94D5B4DC2D21F685001C0272 /* NIOPosix in Frameworks */ = {isa = PBXBuildFile; productRef = 94D5B4DB2D21F685001C0272 /* NIOPosix */; };
		94D5B4DE2D21F685001C0272 /* NIOTLS in Frameworks */ = {isa = PBXBuildFile; productRef = 94D5B4DD2D21F685001C0272 /* NIOTLS */; };
		94D5B4E02D21F685001C0272 /* NIOTestUtils in Frameworks */ = {isa = PBXBuildFile; productRef = 94D5B4DF2D21F685001C0272 /* NIOTestUtils */; };
		94D5B4E62D21F829001C0272 /* NIOSSH in Frameworks */ = {isa = PBXBuildFile; productRef = 94D5B4E52D21F829001C0272 /* NIOSSH */; };
		94E1D8EA2D2AC6CE00990C6C /* MultiBlur in Frameworks */ = {isa = PBXBuildFile; productRef = 94E1D8E92D2AC6CE00990C6C /* MultiBlur */; };
/* End PBXBuildFile section */

/* Begin PBXFileReference section */
		944328822D21F4E500496EFA /* Control.app */ = {isa = PBXFileReference; explicitFileType = wrapper.application; includeInIndex = 0; path = Control.app; sourceTree = BUILT_PRODUCTS_DIR; };
/* End PBXFileReference section */

/* Begin PBXFileSystemSynchronizedBuildFileExceptionSet section */
		9446C35C2D222B20006D280F /* Exceptions for "Control" folder in "Control" target */ = {
			isa = PBXFileSystemSynchronizedBuildFileExceptionSet;
			membershipExceptions = (
				Info.plist,
			);
			target = 944328812D21F4E500496EFA /* Control */;
		};
/* End PBXFileSystemSynchronizedBuildFileExceptionSet section */

/* Begin PBXFileSystemSynchronizedRootGroup section */
		944328842D21F4E500496EFA /* Control */ = {
			isa = PBXFileSystemSynchronizedRootGroup;
			exceptions = (
				9446C35C2D222B20006D280F /* Exceptions for "Control" folder in "Control" target */,
			);
			path = Control;
			sourceTree = "<group>";
		};
/* End PBXFileSystemSynchronizedRootGroup section */

/* Begin PBXFrameworksBuildPhase section */
		9443287F2D21F4E500496EFA /* Frameworks */ = {
			isa = PBXFrameworksBuildPhase;
			buildActionMask = 2147483647;
			files = (
				94E1D8EA2D2AC6CE00990C6C /* MultiBlur in Frameworks */,
				94D5B4E62D21F829001C0272 /* NIOSSH in Frameworks */,
				94D5B4D42D21F685001C0272 /* NIOCore in Frameworks */,
				94D5B4D82D21F685001C0272 /* NIOFoundationCompat in Frameworks */,
				94D5B4E02D21F685001C0272 /* NIOTestUtils in Frameworks */,
				94D5B4DC2D21F685001C0272 /* NIOPosix in Frameworks */,
				94D5B4D02D21F685001C0272 /* NIO in Frameworks */,
				94D5B4DA2D21F685001C0272 /* NIOHTTP1 in Frameworks */,
				94D5B4D22D21F685001C0272 /* NIOConcurrencyHelpers in Frameworks */,
				94D5B4D62D21F685001C0272 /* NIOEmbedded in Frameworks */,
				94D5B4DE2D21F685001C0272 /* NIOTLS in Frameworks */,
			);
			runOnlyForDeploymentPostprocessing = 0;
		};
/* End PBXFrameworksBuildPhase section */

/* Begin PBXGroup section */
		944328792D21F4E500496EFA = {
			isa = PBXGroup;
			children = (
				944328842D21F4E500496EFA /* Control */,
				944328832D21F4E500496EFA /* Products */,
			);
			sourceTree = "<group>";
		};
		944328832D21F4E500496EFA /* Products */ = {
			isa = PBXGroup;
			children = (
				944328822D21F4E500496EFA /* Control.app */,
			);
			name = Products;
			sourceTree = "<group>";
		};
/* End PBXGroup section */

/* Begin PBXNativeTarget section */
		944328812D21F4E500496EFA /* Control */ = {
			isa = PBXNativeTarget;
			buildConfigurationList = 944328922D21F4E500496EFA /* Build configuration list for PBXNativeTarget "Control" */;
			buildPhases = (
				9443287E2D21F4E500496EFA /* Sources */,
				9443287F2D21F4E500496EFA /* Frameworks */,
				944328802D21F4E500496EFA /* Resources */,
			);
			buildRules = (
			);
			dependencies = (
			);
			fileSystemSynchronizedGroups = (
				944328842D21F4E500496EFA /* Control */,
			);
			name = Control;
			packageProductDependencies = (
				94D5B4CF2D21F685001C0272 /* NIO */,
				94D5B4D12D21F685001C0272 /* NIOConcurrencyHelpers */,
				94D5B4D32D21F685001C0272 /* NIOCore */,
				94D5B4D52D21F685001C0272 /* NIOEmbedded */,
				94D5B4D72D21F685001C0272 /* NIOFoundationCompat */,
				94D5B4D92D21F685001C0272 /* NIOHTTP1 */,
				94D5B4DB2D21F685001C0272 /* NIOPosix */,
				94D5B4DD2D21F685001C0272 /* NIOTLS */,
				94D5B4DF2D21F685001C0272 /* NIOTestUtils */,
				94D5B4E52D21F829001C0272 /* NIOSSH */,
				94E1D8E92D2AC6CE00990C6C /* MultiBlur */,
			);
			productName = VolumeControl;
			productReference = 944328822D21F4E500496EFA /* Control.app */;
			productType = "com.apple.product-type.application";
		};
/* End PBXNativeTarget section */

/* Begin PBXProject section */
		9443287A2D21F4E500496EFA /* Project object */ = {
			isa = PBXProject;
			attributes = {
				BuildIndependentTargetsInParallel = 1;
				KnownAssetTags = (
					New,
				);
				LastSwiftUpdateCheck = 1600;
				LastUpgradeCheck = 1640;
				TargetAttributes = {
					944328812D21F4E500496EFA = {
						CreatedOnToolsVersion = 16.0;
					};
				};
			};
			buildConfigurationList = 9443287D2D21F4E500496EFA /* Build configuration list for PBXProject "Control" */;
			developmentRegion = en;
			hasScannedForEncodings = 0;
			knownRegions = (
				en,
				Base,
			);
			mainGroup = 944328792D21F4E500496EFA;
			packageReferences = (
				94D5B4CE2D21F685001C0272 /* XCRemoteSwiftPackageReference "swift-nio" */,
				94D5B4E42D21F829001C0272 /* XCRemoteSwiftPackageReference "swift-nio-ssh" */,
				94E1D8E82D2AC6CE00990C6C /* XCRemoteSwiftPackageReference "MultiBlur" */,
			);
			preferredProjectObjectVersion = 77;
			productRefGroup = 944328832D21F4E500496EFA /* Products */;
			projectDirPath = "";
			projectRoot = "";
			targets = (
				944328812D21F4E500496EFA /* Control */,
			);
		};
/* End PBXProject section */

/* Begin PBXResourcesBuildPhase section */
		944328802D21F4E500496EFA /* Resources */ = {
			isa = PBXResourcesBuildPhase;
			buildActionMask = 2147483647;
			files = (
			);
			runOnlyForDeploymentPostprocessing = 0;
		};
/* End PBXResourcesBuildPhase section */

/* Begin PBXSourcesBuildPhase section */
		9443287E2D21F4E500496EFA /* Sources */ = {
			isa = PBXSourcesBuildPhase;
			buildActionMask = 2147483647;
			files = (
			);
			runOnlyForDeploymentPostprocessing = 0;
		};
/* End PBXSourcesBuildPhase section */

/* Begin XCBuildConfiguration section */
		944328902D21F4E500496EFA /* Debug */ = {
			isa = XCBuildConfiguration;
			buildSettings = {
				ALWAYS_SEARCH_USER_PATHS = NO;
				ASSETCATALOG_COMPILER_GENERATE_SWIFT_ASSET_SYMBOL_EXTENSIONS = YES;
				CLANG_ANALYZER_NONNULL = YES;
				CLANG_ANALYZER_NUMBER_OBJECT_CONVERSION = YES_AGGRESSIVE;
				CLANG_CXX_LANGUAGE_STANDARD = "gnu++20";
				CLANG_ENABLE_MODULES = YES;
				CLANG_ENABLE_OBJC_ARC = YES;
				CLANG_ENABLE_OBJC_WEAK = YES;
				CLANG_WARN_BLOCK_CAPTURE_AUTORELEASING = YES;
				CLANG_WARN_BOOL_CONVERSION = YES;
				CLANG_WARN_COMMA = YES;
				CLANG_WARN_CONSTANT_CONVERSION = YES;
				CLANG_WARN_DEPRECATED_OBJC_IMPLEMENTATIONS = YES;
				CLANG_WARN_DIRECT_OBJC_ISA_USAGE = YES_ERROR;
				CLANG_WARN_DOCUMENTATION_COMMENTS = YES;
				CLANG_WARN_EMPTY_BODY = YES;
				CLANG_WARN_ENUM_CONVERSION = YES;
				CLANG_WARN_INFINITE_RECURSION = YES;
				CLANG_WARN_INT_CONVERSION = YES;
				CLANG_WARN_NON_LITERAL_NULL_CONVERSION = YES;
				CLANG_WARN_OBJC_IMPLICIT_RETAIN_SELF = YES;
				CLANG_WARN_OBJC_LITERAL_CONVERSION = YES;
				CLANG_WARN_OBJC_ROOT_CLASS = YES_ERROR;
				CLANG_WARN_QUOTED_INCLUDE_IN_FRAMEWORK_HEADER = YES;
				CLANG_WARN_RANGE_LOOP_ANALYSIS = YES;
				CLANG_WARN_STRICT_PROTOTYPES = YES;
				CLANG_WARN_SUSPICIOUS_MOVE = YES;
				CLANG_WARN_UNGUARDED_AVAILABILITY = YES_AGGRESSIVE;
				CLANG_WARN_UNREACHABLE_CODE = YES;
				CLANG_WARN__DUPLICATE_METHOD_MATCH = YES;
				COPY_PHASE_STRIP = NO;
				DEBUG_INFORMATION_FORMAT = dwarf;
				DEVELOPMENT_TEAM = 33AN7VPKEB;
				ENABLE_STRICT_OBJC_MSGSEND = YES;
				ENABLE_TESTABILITY = YES;
				ENABLE_USER_SCRIPT_SANDBOXING = YES;
				GCC_C_LANGUAGE_STANDARD = gnu17;
				GCC_DYNAMIC_NO_PIC = NO;
				GCC_NO_COMMON_BLOCKS = YES;
				GCC_OPTIMIZATION_LEVEL = 0;
				GCC_PREPROCESSOR_DEFINITIONS = (
					"DEBUG=1",
					"$(inherited)",
				);
				GCC_WARN_64_TO_32_BIT_CONVERSION = YES;
				GCC_WARN_ABOUT_RETURN_TYPE = YES_ERROR;
				GCC_WARN_UNDECLARED_SELECTOR = YES;
				GCC_WARN_UNINITIALIZED_AUTOS = YES_AGGRESSIVE;
				GCC_WARN_UNUSED_FUNCTION = YES;
				GCC_WARN_UNUSED_VARIABLE = YES;
				INFOPLIST_KEY_NSLocalNetworkUsageDescription = "Control needs local network access to find and connect to your Mac";
				IPHONEOS_DEPLOYMENT_TARGET = 18.0;
				LOCALIZATION_PREFERS_STRING_CATALOGS = YES;
				MTL_ENABLE_DEBUG_INFO = INCLUDE_SOURCE;
				MTL_FAST_MATH = YES;
				ONLY_ACTIVE_ARCH = YES;
				SDKROOT = iphoneos;
				SWIFT_ACTIVE_COMPILATION_CONDITIONS = "DEBUG $(inherited)";
				SWIFT_OPTIMIZATION_LEVEL = "-Onone";
			};
			name = Debug;
		};
		944328912D21F4E500496EFA /* Release */ = {
			isa = XCBuildConfiguration;
			buildSettings = {
				ALWAYS_SEARCH_USER_PATHS = NO;
				ASSETCATALOG_COMPILER_GENERATE_SWIFT_ASSET_SYMBOL_EXTENSIONS = YES;
				CLANG_ANALYZER_NONNULL = YES;
				CLANG_ANALYZER_NUMBER_OBJECT_CONVERSION = YES_AGGRESSIVE;
				CLANG_CXX_LANGUAGE_STANDARD = "gnu++20";
				CLANG_ENABLE_MODULES = YES;
				CLANG_ENABLE_OBJC_ARC = YES;
				CLANG_ENABLE_OBJC_WEAK = YES;
				CLANG_WARN_BLOCK_CAPTURE_AUTORELEASING = YES;
				CLANG_WARN_BOOL_CONVERSION = YES;
				CLANG_WARN_COMMA = YES;
				CLANG_WARN_CONSTANT_CONVERSION = YES;
				CLANG_WARN_DEPRECATED_OBJC_IMPLEMENTATIONS = YES;
				CLANG_WARN_DIRECT_OBJC_ISA_USAGE = YES_ERROR;
				CLANG_WARN_DOCUMENTATION_COMMENTS = YES;
				CLANG_WARN_EMPTY_BODY = YES;
				CLANG_WARN_ENUM_CONVERSION = YES;
				CLANG_WARN_INFINITE_RECURSION = YES;
				CLANG_WARN_INT_CONVERSION = YES;
				CLANG_WARN_NON_LITERAL_NULL_CONVERSION = YES;
				CLANG_WARN_OBJC_IMPLICIT_RETAIN_SELF = YES;
				CLANG_WARN_OBJC_LITERAL_CONVERSION = YES;
				CLANG_WARN_OBJC_ROOT_CLASS = YES_ERROR;
				CLANG_WARN_QUOTED_INCLUDE_IN_FRAMEWORK_HEADER = YES;
				CLANG_WARN_RANGE_LOOP_ANALYSIS = YES;
				CLANG_WARN_STRICT_PROTOTYPES = YES;
				CLANG_WARN_SUSPICIOUS_MOVE = YES;
				CLANG_WARN_UNGUARDED_AVAILABILITY = YES_AGGRESSIVE;
				CLANG_WARN_UNREACHABLE_CODE = YES;
				CLANG_WARN__DUPLICATE_METHOD_MATCH = YES;
				COPY_PHASE_STRIP = NO;
				DEBUG_INFORMATION_FORMAT = "dwarf-with-dsym";
				DEVELOPMENT_TEAM = 33AN7VPKEB;
				ENABLE_NS_ASSERTIONS = NO;
				ENABLE_STRICT_OBJC_MSGSEND = YES;
				ENABLE_USER_SCRIPT_SANDBOXING = YES;
				GCC_C_LANGUAGE_STANDARD = gnu17;
				GCC_NO_COMMON_BLOCKS = YES;
				GCC_WARN_64_TO_32_BIT_CONVERSION = YES;
				GCC_WARN_ABOUT_RETURN_TYPE = YES_ERROR;
				GCC_WARN_UNDECLARED_SELECTOR = YES;
				GCC_WARN_UNINITIALIZED_AUTOS = YES_AGGRESSIVE;
				GCC_WARN_UNUSED_FUNCTION = YES;
				GCC_WARN_UNUSED_VARIABLE = YES;
				INFOPLIST_KEY_NSLocalNetworkUsageDescription = "Control needs local network access to find and connect to your Mac";
				IPHONEOS_DEPLOYMENT_TARGET = 18.0;
				LOCALIZATION_PREFERS_STRING_CATALOGS = YES;
				MTL_ENABLE_DEBUG_INFO = NO;
				MTL_FAST_MATH = YES;
				SDKROOT = iphoneos;
				SWIFT_COMPILATION_MODE = wholemodule;
				VALIDATE_PRODUCT = YES;
			};
			name = Release;
		};
		944328932D21F4E500496EFA /* Debug */ = {
			isa = XCBuildConfiguration;
			buildSettings = {
				ASSETCATALOG_COMPILER_APPICON_NAME = AppIcon;
				ASSETCATALOG_COMPILER_GLOBAL_ACCENT_COLOR_NAME = AccentColor;
				CODE_SIGN_ENTITLEMENTS = Control/Control.entitlements;
				CODE_SIGN_STYLE = Automatic;
				CURRENT_PROJECT_VERSION = 1;
				DEVELOPMENT_ASSET_PATHS = "";
				ENABLE_PREVIEWS = YES;
				GENERATE_INFOPLIST_FILE = YES;
				INFOPLIST_FILE = Control/Info.plist;
				INFOPLIST_KEY_CFBundleDisplayName = Control;
				INFOPLIST_KEY_LSApplicationCategoryType = "public.app-category.utilities";
				INFOPLIST_KEY_NSLocalNetworkUsageDescription = "Control needs local network access to find and connect to your Mac.";
				INFOPLIST_KEY_UIApplicationSceneManifest_Generation = YES;
				INFOPLIST_KEY_UIApplicationSupportsIndirectInputEvents = YES;
				INFOPLIST_KEY_UILaunchScreen_Generation = YES;
				INFOPLIST_KEY_UISupportedInterfaceOrientations = "UIInterfaceOrientationLandscapeLeft UIInterfaceOrientationLandscapeRight UIInterfaceOrientationPortrait UIInterfaceOrientationPortraitUpsideDown";
				IPHONEOS_DEPLOYMENT_TARGET = 17;
				LD_RUNPATH_SEARCH_PATHS = (
					"$(inherited)",
					"@executable_path/Frameworks",
				);
				MARKETING_VERSION = 1.10;
				PRODUCT_BUNDLE_IDENTIFIER = ryanwhitney.MacControl;
				PRODUCT_NAME = "$(TARGET_NAME)";
				SUPPORTED_PLATFORMS = "iphoneos iphonesimulator";
				SUPPORTS_MACCATALYST = NO;
				SUPPORTS_MAC_DESIGNED_FOR_IPHONE_IPAD = YES;
				SUPPORTS_XR_DESIGNED_FOR_IPHONE_IPAD = YES;
				SWIFT_EMIT_LOC_STRINGS = YES;
				SWIFT_VERSION = 5.0;
				TARGETED_DEVICE_FAMILY = "1,2";
			};
			name = Debug;
		};
		944328942D21F4E500496EFA /* Release */ = {
			isa = XCBuildConfiguration;
			buildSettings = {
				ASSETCATALOG_COMPILER_APPICON_NAME = AppIcon;
				ASSETCATALOG_COMPILER_GLOBAL_ACCENT_COLOR_NAME = AccentColor;
				CODE_SIGN_ENTITLEMENTS = Control/Control.entitlements;
				CODE_SIGN_STYLE = Automatic;
				CURRENT_PROJECT_VERSION = 1;
				DEVELOPMENT_ASSET_PATHS = "";
				ENABLE_PREVIEWS = YES;
				GENERATE_INFOPLIST_FILE = YES;
				INFOPLIST_FILE = Control/Info.plist;
				INFOPLIST_KEY_CFBundleDisplayName = Control;
				INFOPLIST_KEY_LSApplicationCategoryType = "public.app-category.utilities";
				INFOPLIST_KEY_NSLocalNetworkUsageDescription = "Control needs local network access to find and connect to your Mac.";
				INFOPLIST_KEY_UIApplicationSceneManifest_Generation = YES;
				INFOPLIST_KEY_UIApplicationSupportsIndirectInputEvents = YES;
				INFOPLIST_KEY_UILaunchScreen_Generation = YES;
				INFOPLIST_KEY_UISupportedInterfaceOrientations = "UIInterfaceOrientationLandscapeLeft UIInterfaceOrientationLandscapeRight UIInterfaceOrientationPortrait UIInterfaceOrientationPortraitUpsideDown";
				IPHONEOS_DEPLOYMENT_TARGET = 17;
				LD_RUNPATH_SEARCH_PATHS = (
					"$(inherited)",
					"@executable_path/Frameworks",
				);
				MARKETING_VERSION = 1.10;
				PRODUCT_BUNDLE_IDENTIFIER = ryanwhitney.MacControl;
				PRODUCT_NAME = "$(TARGET_NAME)";
				SUPPORTED_PLATFORMS = "iphoneos iphonesimulator";
				SUPPORTS_MACCATALYST = NO;
				SUPPORTS_MAC_DESIGNED_FOR_IPHONE_IPAD = YES;
				SUPPORTS_XR_DESIGNED_FOR_IPHONE_IPAD = YES;
				SWIFT_EMIT_LOC_STRINGS = YES;
				SWIFT_VERSION = 5.0;
				TARGETED_DEVICE_FAMILY = "1,2";
			};
			name = Release;
		};
/* End XCBuildConfiguration section */

/* Begin XCConfigurationList section */
		9443287D2D21F4E500496EFA /* Build configuration list for PBXProject "Control" */ = {
			isa = XCConfigurationList;
			buildConfigurations = (
				944328902D21F4E500496EFA /* Debug */,
				944328912D21F4E500496EFA /* Release */,
			);
			defaultConfigurationIsVisible = 0;
			defaultConfigurationName = Release;
		};
		944328922D21F4E500496EFA /* Build configuration list for PBXNativeTarget "Control" */ = {
			isa = XCConfigurationList;
			buildConfigurations = (
				944328932D21F4E500496EFA /* Debug */,
				944328942D21F4E500496EFA /* Release */,
			);
			defaultConfigurationIsVisible = 0;
			defaultConfigurationName = Release;
		};
/* End XCConfigurationList section */

/* Begin XCRemoteSwiftPackageReference section */
		94D5B4CE2D21F685001C0272 /* XCRemoteSwiftPackageReference "swift-nio" */ = {
			isa = XCRemoteSwiftPackageReference;
			repositoryURL = "https://github.com/apple/swift-nio.git";
			requirement = {
				kind = upToNextMajorVersion;
				minimumVersion = 2.77.0;
			};
		};
		94D5B4E42D21F829001C0272 /* XCRemoteSwiftPackageReference "swift-nio-ssh" */ = {
			isa = XCRemoteSwiftPackageReference;
			repositoryURL = "https://github.com/apple/swift-nio-ssh";
			requirement = {
				kind = upToNextMajorVersion;
				minimumVersion = 0.9.1;
			};
		};
		94E1D8E82D2AC6CE00990C6C /* XCRemoteSwiftPackageReference "MultiBlur" */ = {
			isa = XCRemoteSwiftPackageReference;
			repositoryURL = "https://github.com/ryanwhitney/MultiBlur";
			requirement = {
				kind = upToNextMajorVersion;
				minimumVersion = 1.0.0;
			};
		};
/* End XCRemoteSwiftPackageReference section */

/* Begin XCSwiftPackageProductDependency section */
		94D5B4CF2D21F685001C0272 /* NIO */ = {
			isa = XCSwiftPackageProductDependency;
			package = 94D5B4CE2D21F685001C0272 /* XCRemoteSwiftPackageReference "swift-nio" */;
			productName = NIO;
		};
		94D5B4D12D21F685001C0272 /* NIOConcurrencyHelpers */ = {
			isa = XCSwiftPackageProductDependency;
			package = 94D5B4CE2D21F685001C0272 /* XCRemoteSwiftPackageReference "swift-nio" */;
			productName = NIOConcurrencyHelpers;
		};
		94D5B4D32D21F685001C0272 /* NIOCore */ = {
			isa = XCSwiftPackageProductDependency;
			package = 94D5B4CE2D21F685001C0272 /* XCRemoteSwiftPackageReference "swift-nio" */;
			productName = NIOCore;
		};
		94D5B4D52D21F685001C0272 /* NIOEmbedded */ = {
			isa = XCSwiftPackageProductDependency;
			package = 94D5B4CE2D21F685001C0272 /* XCRemoteSwiftPackageReference "swift-nio" */;
			productName = NIOEmbedded;
		};
		94D5B4D72D21F685001C0272 /* NIOFoundationCompat */ = {
			isa = XCSwiftPackageProductDependency;
			package = 94D5B4CE2D21F685001C0272 /* XCRemoteSwiftPackageReference "swift-nio" */;
			productName = NIOFoundationCompat;
		};
		94D5B4D92D21F685001C0272 /* NIOHTTP1 */ = {
			isa = XCSwiftPackageProductDependency;
			package = 94D5B4CE2D21F685001C0272 /* XCRemoteSwiftPackageReference "swift-nio" */;
			productName = NIOHTTP1;
		};
		94D5B4DB2D21F685001C0272 /* NIOPosix */ = {
			isa = XCSwiftPackageProductDependency;
			package = 94D5B4CE2D21F685001C0272 /* XCRemoteSwiftPackageReference "swift-nio" */;
			productName = NIOPosix;
		};
		94D5B4DD2D21F685001C0272 /* NIOTLS */ = {
			isa = XCSwiftPackageProductDependency;
			package = 94D5B4CE2D21F685001C0272 /* XCRemoteSwiftPackageReference "swift-nio" */;
			productName = NIOTLS;
		};
		94D5B4DF2D21F685001C0272 /* NIOTestUtils */ = {
			isa = XCSwiftPackageProductDependency;
			package = 94D5B4CE2D21F685001C0272 /* XCRemoteSwiftPackageReference "swift-nio" */;
			productName = NIOTestUtils;
		};
		94D5B4E52D21F829001C0272 /* NIOSSH */ = {
			isa = XCSwiftPackageProductDependency;
			package = 94D5B4E42D21F829001C0272 /* XCRemoteSwiftPackageReference "swift-nio-ssh" */;
			productName = NIOSSH;
		};
		94E1D8E92D2AC6CE00990C6C /* MultiBlur */ = {
			isa = XCSwiftPackageProductDependency;
			package = 94E1D8E82D2AC6CE00990C6C /* XCRemoteSwiftPackageReference "MultiBlur" */;
			productName = MultiBlur;
		};
/* End XCSwiftPackageProductDependency section */
	};
	rootObject = 9443287A2D21F4E500496EFA /* Project object */;
}
